{
  "nodes": {
    "flake-utils": {
      "locked": {
        "lastModified": 1623875721,
        "narHash": "sha256-A8BU7bjS5GirpAUv4QA+QnJ4CceLHkcXdRp4xITDB0s=",
        "owner": "numtide",
        "repo": "flake-utils",
        "rev": "f7e004a55b120c02ecb6219596820fcd32ca8772",
        "type": "github"
      },
      "original": {
        "owner": "numtide",
        "repo": "flake-utils",
        "type": "github"
      }
    },
    "mindpile": {
      "inputs": {
        "flake-utils": [
          "flake-utils"
        ],
        "nixpkgs": [
          "nixpkgs"
        ]
      },
      "locked": {
        "lastModified": 1626770506,
        "narHash": "sha256-HjJUBB+jaFEaUDMQjbDYgmJUc7Lqf1SCME9yx90ulgg=",
        "owner": "MelbourneHighSchoolRobotics",
        "repo": "mindpile",
        "rev": "9dd0a14ee336810c2b62826afff4da8719455ba0",
        "type": "github"
      },
      "original": {
        "owner": "MelbourneHighSchoolRobotics",
        "repo": "mindpile",
        "type": "github"
      }
    },
    "nixpkgs": {
      "locked": {
        "lastModified": 1622516815,
        "narHash": "sha256-ZjBd81a6J3TwtlBr3rHsZspYUwT9OdhDk+a/SgSEf7I=",
        "owner": "nixos",
        "repo": "nixpkgs",
        "rev": "7e9b0dff974c89e070da1ad85713ff3c20b0ca97",
        "type": "github"
      },
      "original": {
        "owner": "nixos",
        "ref": "21.05",
        "repo": "nixpkgs",
        "type": "github"
      }
    },
    "root": {
      "inputs": {
        "flake-utils": "flake-utils",
        "mindpile": "mindpile",
        "nixpkgs": "nixpkgs",
        "unstable": "unstable"
      }
    },
    "unstable": {
      "locked": {
        "lastModified": 1627148163,
        "narHash": "sha256-3FXDUlHtdRW9ajQ4NqcfZHx6IYnxQluhB+06pxE4m1k=",
        "owner": "nixos",
        "repo": "nixpkgs",
        "rev": "9aec01027f7ea2bca07bb51d5ed83e78088871c1",
        "type": "github"
      },
      "original": {
        "owner": "nixos",
        "ref": "nixpkgs-unstable",
        "repo": "nixpkgs",
        "type": "github"
      }
    }
  },
  "root": "root",
  "version": 7
}
