{
  "nodes": {
    "flake-utils": {
      "locked": {
        "lastModified": 1629481132,
        "narHash": "sha256-JHgasjPR0/J1J3DRm4KxM4zTyAj4IOJY8vIl75v/kPI=",
        "owner": "numtide",
        "repo": "flake-utils",
        "rev": "997f7efcb746a9c140ce1f13c72263189225f482",
        "type": "github"
      },
      "original": {
        "owner": "numtide",
        "repo": "flake-utils",
        "type": "github"
      }
    },
    "mindpile": {
      "inputs": {
        "flake-utils": [
          "flake-utils"
        ],
        "nixpkgs": [
          "nixpkgs"
        ]
      },
      "locked": {
        "lastModified": 1626770506,
        "narHash": "sha256-HjJUBB+jaFEaUDMQjbDYgmJUc7Lqf1SCME9yx90ulgg=",
        "owner": "MelbourneHighSchoolRobotics",
        "repo": "mindpile",
        "rev": "9dd0a14ee336810c2b62826afff4da8719455ba0",
        "type": "github"
      },
      "original": {
        "owner": "MelbourneHighSchoolRobotics",
        "repo": "mindpile",
        "type": "github"
      }
    },
    "nixpkgs": {
      "locked": {
        "lastModified": 1629827819,
        "narHash": "sha256-cysfDbdjTluO+UtuT6iRrf/2Lt7Qo/qRlpz9F5rz3Sc=",
        "owner": "nixos",
        "repo": "nixpkgs",
        "rev": "503209808cd613daed238e21e7a18ffcbeacebe3",
        "type": "github"
      },
      "original": {
        "owner": "nixos",
        "ref": "nixpkgs-unstable",
        "repo": "nixpkgs",
        "type": "github"
      }
    },
    "root": {
      "inputs": {
        "flake-utils": "flake-utils",
        "mindpile": "mindpile",
        "nixpkgs": "nixpkgs"
      }
    }
  },
  "root": "root",
  "version": 7
}
